
Microsoft Visual Studio Solution File, Format Version 12.00
# Visual Studio Version 16
VisualStudioVersion = 16.0.30907.101
MinimumVisualStudioVersion = 10.0.40219.1
Project("{FAE04EC0-301F-11D3-BF4B-00C04F79EFBC}") = "cvManagement", "cvManagement\cvManagement.csproj", "{7CDAAEB5-43CA-4A58-9DCB-0C384C6180D5}"
EndProject
Global
	GlobalSection(SolutionConfigurationPlatforms) = preSolution
		Debug|Any CPU = Debug|Any CPU
		Release|Any CPU = Release|Any CPU
	EndGlobalSection
	GlobalSection(ProjectConfigurationPlatforms) = postSolution
		{7CDAAEB5-43CA-4A58-9DCB-0C384C6180D5}.Debug|Any CPU.ActiveCfg = Debug|Any CPU
		{7CDAAEB5-43CA-4A58-9DCB-0C384C6180D5}.Debug|Any CPU.Build.0 = Debug|Any CPU
		{7CDAAEB5-43CA-4A58-9DCB-0C384C6180D5}.Release|Any CPU.ActiveCfg = Release|Any CPU
		{7CDAAEB5-43CA-4A58-9DCB-0C384C6180D5}.Release|Any CPU.Build.0 = Release|Any CPU
	EndGlobalSection
	GlobalSection(SolutionProperties) = preSolution
		HideSolutionNode = FALSE
	EndGlobalSection
	GlobalSection(ExtensibilityGlobals) = postSolution
		SolutionGuid = {6DC8C5FE-69A4-49B6-ADF8-B5EE4CB59CD5}
	EndGlobalSection
EndGlobal
