
Microsoft Visual Studio Solution File, Format Version 12.00
# Visual Studio Version 16
VisualStudioVersion = 16.0.30611.23
MinimumVisualStudioVersion = 10.0.40219.1
Project("{FAE04EC0-301F-11D3-BF4B-00C04F79EFBC}") = "MVC4crud", "MVC4crud\MVC4crud.csproj", "{C8ABE82B-B645-46CC-A345-B485EE71573F}"
EndProject
Global
	GlobalSection(SolutionConfigurationPlatforms) = preSolution
		Debug|Any CPU = Debug|Any CPU
		Release|Any CPU = Release|Any CPU
	EndGlobalSection
	GlobalSection(ProjectConfigurationPlatforms) = postSolution
		{C8ABE82B-B645-46CC-A345-B485EE71573F}.Debug|Any CPU.ActiveCfg = Debug|Any CPU
		{C8ABE82B-B645-46CC-A345-B485EE71573F}.Debug|Any CPU.Build.0 = Debug|Any CPU
		{C8ABE82B-B645-46CC-A345-B485EE71573F}.Release|Any CPU.ActiveCfg = Release|Any CPU
		{C8ABE82B-B645-46CC-A345-B485EE71573F}.Release|Any CPU.Build.0 = Release|Any CPU
	EndGlobalSection
	GlobalSection(SolutionProperties) = preSolution
		HideSolutionNode = FALSE
	EndGlobalSection
	GlobalSection(ExtensibilityGlobals) = postSolution
		SolutionGuid = {BDD9CD3B-3A3D-4702-BD4E-EB73EE02AECF}
	EndGlobalSection
EndGlobal
