
Microsoft Visual Studio Solution File, Format Version 12.00
# Visual Studio Version 16
VisualStudioVersion = 16.0.30611.23
MinimumVisualStudioVersion = 10.0.40219.1
Project("{FAE04EC0-301F-11D3-BF4B-00C04F79EFBC}") = "Bai13Sort", "Bai13Sort\Bai13Sort.csproj", "{038E70AF-941A-4875-A611-0D83BC7EE9FA}"
EndProject
Global
	GlobalSection(SolutionConfigurationPlatforms) = preSolution
		Debug|Any CPU = Debug|Any CPU
		Release|Any CPU = Release|Any CPU
	EndGlobalSection
	GlobalSection(ProjectConfigurationPlatforms) = postSolution
		{038E70AF-941A-4875-A611-0D83BC7EE9FA}.Debug|Any CPU.ActiveCfg = Debug|Any CPU
		{038E70AF-941A-4875-A611-0D83BC7EE9FA}.Debug|Any CPU.Build.0 = Debug|Any CPU
		{038E70AF-941A-4875-A611-0D83BC7EE9FA}.Release|Any CPU.ActiveCfg = Release|Any CPU
		{038E70AF-941A-4875-A611-0D83BC7EE9FA}.Release|Any CPU.Build.0 = Release|Any CPU
	EndGlobalSection
	GlobalSection(SolutionProperties) = preSolution
		HideSolutionNode = FALSE
	EndGlobalSection
	GlobalSection(ExtensibilityGlobals) = postSolution
		SolutionGuid = {3D1550F2-A8C3-4CA3-BD0B-4E99C8E005B9}
	EndGlobalSection
EndGlobal
